
Microsoft Visual Studio Solution File, Format Version 12.00
# Visual Studio Version 16
VisualStudioVersion = 16.0.30907.101
MinimumVisualStudioVersion = 10.0.40219.1
Project("{2150E333-8FDC-42A3-9474-1A3956D46DE8}") = "FizzBuzz", "FizzBuzz", "{52CB428C-26C0-44C7-9601-5880A17D0A62}"
EndProject
Project("{9A19103F-16F7-4668-BE54-9A1E7A4F7556}") = "DeveloperTests.FizzBuzz", "DeveloperTests.FizzBuzz\DeveloperTests.FizzBuzz.csproj", "{22C3FD6D-C517-47D1-8874-853DCAAD3DB2}"
EndProject
Project("{9A19103F-16F7-4668-BE54-9A1E7A4F7556}") = "DeveloperTests.FizzBuzz.Tests", "DeveloperTests.FizzBuzz.Tests\DeveloperTests.FizzBuzz.Tests.csproj", "{826D0579-55E9-4122-8B57-4B4CB4D06D36}"
EndProject
Global
	GlobalSection(SolutionConfigurationPlatforms) = preSolution
		Debug|Any CPU = Debug|Any CPU
		Release|Any CPU = Release|Any CPU
	EndGlobalSection
	GlobalSection(ProjectConfigurationPlatforms) = postSolution
		{22C3FD6D-C517-47D1-8874-853DCAAD3DB2}.Debug|Any CPU.ActiveCfg = Debug|Any CPU
		{22C3FD6D-C517-47D1-8874-853DCAAD3DB2}.Debug|Any CPU.Build.0 = Debug|Any CPU
		{22C3FD6D-C517-47D1-8874-853DCAAD3DB2}.Release|Any CPU.ActiveCfg = Release|Any CPU
		{22C3FD6D-C517-47D1-8874-853DCAAD3DB2}.Release|Any CPU.Build.0 = Release|Any CPU
		{826D0579-55E9-4122-8B57-4B4CB4D06D36}.Debug|Any CPU.ActiveCfg = Debug|Any CPU
		{826D0579-55E9-4122-8B57-4B4CB4D06D36}.Debug|Any CPU.Build.0 = Debug|Any CPU
		{826D0579-55E9-4122-8B57-4B4CB4D06D36}.Release|Any CPU.ActiveCfg = Release|Any CPU
		{826D0579-55E9-4122-8B57-4B4CB4D06D36}.Release|Any CPU.Build.0 = Release|Any CPU
	EndGlobalSection
	GlobalSection(SolutionProperties) = preSolution
		HideSolutionNode = FALSE
	EndGlobalSection
	GlobalSection(NestedProjects) = preSolution
		{22C3FD6D-C517-47D1-8874-853DCAAD3DB2} = {52CB428C-26C0-44C7-9601-5880A17D0A62}
		{826D0579-55E9-4122-8B57-4B4CB4D06D36} = {52CB428C-26C0-44C7-9601-5880A17D0A62}
	EndGlobalSection
	GlobalSection(ExtensibilityGlobals) = postSolution
		SolutionGuid = {9CF6045D-915F-422D-8E85-351849865FDB}
	EndGlobalSection
EndGlobal
